// !$*UTF8*$!
{
	archiveVersion = 1;
	classes = {
	};
	objectVersion = 52;
	objects = {

/* Begin PBXBuildFile section */
		02046F9A247C4C0600620FA9 /* Modules.xcassets in Resources */ = {isa = PBXBuildFile; fileRef = 02046F99247C4C0600620FA9 /* Modules.xcassets */; };
		02046F9F247C4E6000620FA9 /* StringExtension.swift in Sources */ = {isa = PBXBuildFile; fileRef = 02046F9E247C4E6000620FA9 /* StringExtension.swift */; };
		02046FA0247C4F2700620FA9 /* StringExtension.swift in Sources */ = {isa = PBXBuildFile; fileRef = 02046F9E247C4E6000620FA9 /* StringExtension.swift */; };
		02046FA2247C4F8200620FA9 /* InviteData.swift in Sources */ = {isa = PBXBuildFile; fileRef = 02046FA1247C4F8200620FA9 /* InviteData.swift */; };
		02046FA4247C4FC800620FA9 /* LocationData.swift in Sources */ = {isa = PBXBuildFile; fileRef = 02046FA3247C4FC800620FA9 /* LocationData.swift */; };
		02046FA6247C500F00620FA9 /* ListData.swift in Sources */ = {isa = PBXBuildFile; fileRef = 02046FA5247C500F00620FA9 /* ListData.swift */; };
		020690BD247DB273004C7150 /* CalendarModule.swift in Sources */ = {isa = PBXBuildFile; fileRef = 020690BC247DB273004C7150 /* CalendarModule.swift */; };
		020690BF247DB2CE004C7150 /* CalendarModuleHourView.swift in Sources */ = {isa = PBXBuildFile; fileRef = 020690BE247DB2CE004C7150 /* CalendarModuleHourView.swift */; };
		0217DAD4247834C7003B6286 /* EndpointsRequests in Frameworks */ = {isa = PBXBuildFile; productRef = 0217DAD3247834C7003B6286 /* EndpointsRequests */; };
		0217DAD624783EF7003B6286 /* User.swift in Sources */ = {isa = PBXBuildFile; fileRef = 0217DAD524783EF7003B6286 /* User.swift */; };
		0217DAD8247845BF003B6286 /* Event.swift in Sources */ = {isa = PBXBuildFile; fileRef = 0217DAD7247845BF003B6286 /* Event.swift */; };
		0217DADA24784607003B6286 /* Location.swift in Sources */ = {isa = PBXBuildFile; fileRef = 0217DAD924784607003B6286 /* Location.swift */; };
		0217DADC24784C11003B6286 /* Item.swift in Sources */ = {isa = PBXBuildFile; fileRef = 0217DADB24784C11003B6286 /* Item.swift */; };
		0260CE7824748B9100E16149 /* CalendarData.swift in Sources */ = {isa = PBXBuildFile; fileRef = 0260CE7724748B9100E16149 /* CalendarData.swift */; };
		0260CE7D24748C7000E16149 /* ModuleCollectionDelegate.swift in Sources */ = {isa = PBXBuildFile; fileRef = 0260CE7924748C6F00E16149 /* ModuleCollectionDelegate.swift */; };
		0260CE7E24748C7000E16149 /* ModuleTableDelegate.swift in Sources */ = {isa = PBXBuildFile; fileRef = 0260CE7A24748C6F00E16149 /* ModuleTableDelegate.swift */; };
		0260CE7F24748C7000E16149 /* AddEventViewController.swift in Sources */ = {isa = PBXBuildFile; fileRef = 0260CE7B24748C7000E16149 /* AddEventViewController.swift */; };
		0260CE8024748C7000E16149 /* ModuleStateDelegate.swift in Sources */ = {isa = PBXBuildFile; fileRef = 0260CE7C24748C7000E16149 /* ModuleStateDelegate.swift */; };
		02748275246F08690059876D /* AppDelegate.swift in Sources */ = {isa = PBXBuildFile; fileRef = 02748274246F08690059876D /* AppDelegate.swift */; };
		02748277246F08690059876D /* SceneDelegate.swift in Sources */ = {isa = PBXBuildFile; fileRef = 02748276246F08690059876D /* SceneDelegate.swift */; };
		0274827C246F08690059876D /* Main.storyboard in Resources */ = {isa = PBXBuildFile; fileRef = 0274827A246F08690059876D /* Main.storyboard */; };
		0274827E246F086A0059876D /* Assets.xcassets in Resources */ = {isa = PBXBuildFile; fileRef = 0274827D246F086A0059876D /* Assets.xcassets */; };
		02748281246F086A0059876D /* LaunchScreen.storyboard in Resources */ = {isa = PBXBuildFile; fileRef = 0274827F246F086A0059876D /* LaunchScreen.storyboard */; };
		028A7246246F130D006F4B17 /* UberCore.framework in Frameworks */ = {isa = PBXBuildFile; fileRef = 028A7245246F130D006F4B17 /* UberCore.framework */; };
		028A7247246F130D006F4B17 /* UberCore.framework in Embed Frameworks */ = {isa = PBXBuildFile; fileRef = 028A7245246F130D006F4B17 /* UberCore.framework */; settings = {ATTRIBUTES = (CodeSignOnCopy, RemoveHeadersOnCopy, ); }; };
		028A724A246F130F006F4B17 /* UberRides.framework in Frameworks */ = {isa = PBXBuildFile; fileRef = 028A7249246F130F006F4B17 /* UberRides.framework */; };
		028A724B246F130F006F4B17 /* UberRides.framework in Embed Frameworks */ = {isa = PBXBuildFile; fileRef = 028A7249246F130F006F4B17 /* UberRides.framework */; settings = {ATTRIBUTES = (CodeSignOnCopy, RemoveHeadersOnCopy, ); }; };
		0292E5FF24744DF1002B5362 /* AddEvent.storyboard in Resources */ = {isa = PBXBuildFile; fileRef = 0292E5FE24744DF1002B5362 /* AddEvent.storyboard */; };
		0292E601247452C8002B5362 /* RoundView.swift in Sources */ = {isa = PBXBuildFile; fileRef = 0292E600247452C8002B5362 /* RoundView.swift */; };
		0292E60524745682002B5362 /* ColorCollectionViewCell.swift in Sources */ = {isa = PBXBuildFile; fileRef = 0292E60424745682002B5362 /* ColorCollectionViewCell.swift */; };
		0292E6082474597E002B5362 /* SlashedTextField.swift in Sources */ = {isa = PBXBuildFile; fileRef = 0292E6072474597E002B5362 /* SlashedTextField.swift */; };
		0292E60F24745EC3002B5362 /* Montserrat-Medium.ttf in Resources */ = {isa = PBXBuildFile; fileRef = 0292E60D24745E6B002B5362 /* Montserrat-Medium.ttf */; };
		0292E61024745EC3002B5362 /* Montserrat-Regular.ttf in Resources */ = {isa = PBXBuildFile; fileRef = 0292E60E24745E88002B5362 /* Montserrat-Regular.ttf */; };
		0292E61124745EC3002B5362 /* Montserrat-SemiBold.ttf in Resources */ = {isa = PBXBuildFile; fileRef = 0292E60C24745E58002B5362 /* Montserrat-SemiBold.ttf */; };
		0292E61324746230002B5362 /* ModuleCollectionViewCell.swift in Sources */ = {isa = PBXBuildFile; fileRef = 0292E61224746230002B5362 /* ModuleCollectionViewCell.swift */; };
		0292E61524746B20002B5362 /* ModuleTableViewCell.swift in Sources */ = {isa = PBXBuildFile; fileRef = 0292E61424746B20002B5362 /* ModuleTableViewCell.swift */; };
		0292E61D24746E3B002B5362 /* Module.swift in Sources */ = {isa = PBXBuildFile; fileRef = 0292E61C24746E3B002B5362 /* Module.swift */; };
		02B01ED5247470310054587A /* ModuleCollectionDataSource.swift in Sources */ = {isa = PBXBuildFile; fileRef = 02B01ED4247470310054587A /* ModuleCollectionDataSource.swift */; };
		02B01ED7247470800054587A /* ModuleTableDataSource.swift in Sources */ = {isa = PBXBuildFile; fileRef = 02B01ED6247470800054587A /* ModuleTableDataSource.swift */; };
		02E8FCAE2476FAB8002B942D /* MiniRemotoDatabase.h in Headers */ = {isa = PBXBuildFile; fileRef = 02E8FCAC2476FAB8002B942D /* MiniRemotoDatabase.h */; settings = {ATTRIBUTES = (Public, ); }; };
		02E8FCB12476FAB8002B942D /* MiniRemotoDatabase.framework in Frameworks */ = {isa = PBXBuildFile; fileRef = 02E8FCAA2476FAB8002B942D /* MiniRemotoDatabase.framework */; };
		02E8FCB22476FAB8002B942D /* MiniRemotoDatabase.framework in Embed Frameworks */ = {isa = PBXBuildFile; fileRef = 02E8FCAA2476FAB8002B942D /* MiniRemotoDatabase.framework */; settings = {ATTRIBUTES = (CodeSignOnCopy, RemoveHeadersOnCopy, ); }; };
		02E8FCBB2476FAEE002B942D /* DataController.swift in Sources */ = {isa = PBXBuildFile; fileRef = 02E8FCBA2476FAEE002B942D /* DataController.swift */; };
		02ED9BA2247D9E9F00534FEE /* CalendarModule.storyboard in Resources */ = {isa = PBXBuildFile; fileRef = 02ED9BA1247D9E9F00534FEE /* CalendarModule.storyboard */; };
		02ED9BA4247DA15200534FEE /* Assets.xcassets in Resources */ = {isa = PBXBuildFile; fileRef = 02ED9BA3247DA15200534FEE /* Assets.xcassets */; };
/* End PBXBuildFile section */

/* Begin PBXContainerItemProxy section */
		02E8FCAF2476FAB8002B942D /* PBXContainerItemProxy */ = {
			isa = PBXContainerItemProxy;
			containerPortal = 02748269246F08680059876D /* Project object */;
			proxyType = 1;
			remoteGlobalIDString = 02E8FCA92476FAB8002B942D;
			remoteInfo = MiniRemotoDatabase;
		};
/* End PBXContainerItemProxy section */

/* Begin PBXCopyFilesBuildPhase section */
		028A7248246F130D006F4B17 /* Embed Frameworks */ = {
			isa = PBXCopyFilesBuildPhase;
			buildActionMask = 2147483647;
			dstPath = "";
			dstSubfolderSpec = 10;
			files = (
				028A724B246F130F006F4B17 /* UberRides.framework in Embed Frameworks */,
				02E8FCB22476FAB8002B942D /* MiniRemotoDatabase.framework in Embed Frameworks */,
				028A7247246F130D006F4B17 /* UberCore.framework in Embed Frameworks */,
			);
			name = "Embed Frameworks";
			runOnlyForDeploymentPostprocessing = 0;
		};
/* End PBXCopyFilesBuildPhase section */

/* Begin PBXFileReference section */
		02046F99247C4C0600620FA9 /* Modules.xcassets */ = {isa = PBXFileReference; lastKnownFileType = folder.assetcatalog; path = Modules.xcassets; sourceTree = "<group>"; };
		02046F9E247C4E6000620FA9 /* StringExtension.swift */ = {isa = PBXFileReference; lastKnownFileType = sourcecode.swift; path = StringExtension.swift; sourceTree = "<group>"; };
		02046FA1247C4F8200620FA9 /* InviteData.swift */ = {isa = PBXFileReference; lastKnownFileType = sourcecode.swift; path = InviteData.swift; sourceTree = "<group>"; };
		02046FA3247C4FC800620FA9 /* LocationData.swift */ = {isa = PBXFileReference; lastKnownFileType = sourcecode.swift; path = LocationData.swift; sourceTree = "<group>"; };
		02046FA5247C500F00620FA9 /* ListData.swift */ = {isa = PBXFileReference; lastKnownFileType = sourcecode.swift; path = ListData.swift; sourceTree = "<group>"; };
		020690BC247DB273004C7150 /* CalendarModule.swift */ = {isa = PBXFileReference; lastKnownFileType = sourcecode.swift; path = CalendarModule.swift; sourceTree = "<group>"; };
		020690BE247DB2CE004C7150 /* CalendarModuleHourView.swift */ = {isa = PBXFileReference; lastKnownFileType = sourcecode.swift; path = CalendarModuleHourView.swift; sourceTree = "<group>"; };
		0217DAD524783EF7003B6286 /* User.swift */ = {isa = PBXFileReference; lastKnownFileType = sourcecode.swift; path = User.swift; sourceTree = "<group>"; };
		0217DAD7247845BF003B6286 /* Event.swift */ = {isa = PBXFileReference; lastKnownFileType = sourcecode.swift; path = Event.swift; sourceTree = "<group>"; };
		0217DAD924784607003B6286 /* Location.swift */ = {isa = PBXFileReference; lastKnownFileType = sourcecode.swift; path = Location.swift; sourceTree = "<group>"; };
		0217DADB24784C11003B6286 /* Item.swift */ = {isa = PBXFileReference; lastKnownFileType = sourcecode.swift; path = Item.swift; sourceTree = "<group>"; };
		0260CE7724748B9100E16149 /* CalendarData.swift */ = {isa = PBXFileReference; lastKnownFileType = sourcecode.swift; path = CalendarData.swift; sourceTree = "<group>"; };
		0260CE7924748C6F00E16149 /* ModuleCollectionDelegate.swift */ = {isa = PBXFileReference; fileEncoding = 4; lastKnownFileType = sourcecode.swift; path = ModuleCollectionDelegate.swift; sourceTree = "<group>"; };
		0260CE7A24748C6F00E16149 /* ModuleTableDelegate.swift */ = {isa = PBXFileReference; fileEncoding = 4; lastKnownFileType = sourcecode.swift; path = ModuleTableDelegate.swift; sourceTree = "<group>"; };
		0260CE7B24748C7000E16149 /* AddEventViewController.swift */ = {isa = PBXFileReference; fileEncoding = 4; lastKnownFileType = sourcecode.swift; path = AddEventViewController.swift; sourceTree = "<group>"; };
		0260CE7C24748C7000E16149 /* ModuleStateDelegate.swift */ = {isa = PBXFileReference; fileEncoding = 4; lastKnownFileType = sourcecode.swift; path = ModuleStateDelegate.swift; sourceTree = "<group>"; };
		02748271246F08680059876D /* MiniRemoto.app */ = {isa = PBXFileReference; explicitFileType = wrapper.application; includeInIndex = 0; path = MiniRemoto.app; sourceTree = BUILT_PRODUCTS_DIR; };
		02748274246F08690059876D /* AppDelegate.swift */ = {isa = PBXFileReference; lastKnownFileType = sourcecode.swift; path = AppDelegate.swift; sourceTree = "<group>"; };
		02748276246F08690059876D /* SceneDelegate.swift */ = {isa = PBXFileReference; lastKnownFileType = sourcecode.swift; path = SceneDelegate.swift; sourceTree = "<group>"; };
		0274827B246F08690059876D /* Base */ = {isa = PBXFileReference; lastKnownFileType = file.storyboard; name = Base; path = Base.lproj/Main.storyboard; sourceTree = "<group>"; };
		0274827D246F086A0059876D /* Assets.xcassets */ = {isa = PBXFileReference; lastKnownFileType = folder.assetcatalog; path = Assets.xcassets; sourceTree = "<group>"; };
		02748280246F086A0059876D /* Base */ = {isa = PBXFileReference; lastKnownFileType = file.storyboard; name = Base; path = Base.lproj/LaunchScreen.storyboard; sourceTree = "<group>"; };
		02748282246F086A0059876D /* Info.plist */ = {isa = PBXFileReference; lastKnownFileType = text.plist.xml; path = Info.plist; sourceTree = "<group>"; };
		028A7245246F130D006F4B17 /* UberCore.framework */ = {isa = PBXFileReference; lastKnownFileType = wrapper.framework; name = UberCore.framework; path = Carthage/Build/iOS/UberCore.framework; sourceTree = "<group>"; };
		028A7249246F130F006F4B17 /* UberRides.framework */ = {isa = PBXFileReference; lastKnownFileType = wrapper.framework; name = UberRides.framework; path = Carthage/Build/iOS/UberRides.framework; sourceTree = "<group>"; };
		0292E5FE24744DF1002B5362 /* AddEvent.storyboard */ = {isa = PBXFileReference; lastKnownFileType = file.storyboard; path = AddEvent.storyboard; sourceTree = "<group>"; };
		0292E600247452C8002B5362 /* RoundView.swift */ = {isa = PBXFileReference; lastKnownFileType = sourcecode.swift; path = RoundView.swift; sourceTree = "<group>"; };
		0292E60424745682002B5362 /* ColorCollectionViewCell.swift */ = {isa = PBXFileReference; lastKnownFileType = sourcecode.swift; path = ColorCollectionViewCell.swift; sourceTree = "<group>"; };
		0292E6072474597E002B5362 /* SlashedTextField.swift */ = {isa = PBXFileReference; lastKnownFileType = sourcecode.swift; path = SlashedTextField.swift; sourceTree = "<group>"; };
		0292E60C24745E58002B5362 /* Montserrat-SemiBold.ttf */ = {isa = PBXFileReference; lastKnownFileType = file; path = "Montserrat-SemiBold.ttf"; sourceTree = "<group>"; };
		0292E60D24745E6B002B5362 /* Montserrat-Medium.ttf */ = {isa = PBXFileReference; lastKnownFileType = file; path = "Montserrat-Medium.ttf"; sourceTree = "<group>"; };
		0292E60E24745E88002B5362 /* Montserrat-Regular.ttf */ = {isa = PBXFileReference; lastKnownFileType = file; path = "Montserrat-Regular.ttf"; sourceTree = "<group>"; };
		0292E61224746230002B5362 /* ModuleCollectionViewCell.swift */ = {isa = PBXFileReference; lastKnownFileType = sourcecode.swift; path = ModuleCollectionViewCell.swift; sourceTree = "<group>"; };
		0292E61424746B20002B5362 /* ModuleTableViewCell.swift */ = {isa = PBXFileReference; lastKnownFileType = sourcecode.swift; path = ModuleTableViewCell.swift; sourceTree = "<group>"; };
		0292E61C24746E3B002B5362 /* Module.swift */ = {isa = PBXFileReference; lastKnownFileType = sourcecode.swift; path = Module.swift; sourceTree = "<group>"; };
		02B01ED4247470310054587A /* ModuleCollectionDataSource.swift */ = {isa = PBXFileReference; lastKnownFileType = sourcecode.swift; path = ModuleCollectionDataSource.swift; sourceTree = "<group>"; };
		02B01ED6247470800054587A /* ModuleTableDataSource.swift */ = {isa = PBXFileReference; lastKnownFileType = sourcecode.swift; path = ModuleTableDataSource.swift; sourceTree = "<group>"; };
		02E8FCAA2476FAB8002B942D /* MiniRemotoDatabase.framework */ = {isa = PBXFileReference; explicitFileType = wrapper.framework; includeInIndex = 0; path = MiniRemotoDatabase.framework; sourceTree = BUILT_PRODUCTS_DIR; };
		02E8FCAC2476FAB8002B942D /* MiniRemotoDatabase.h */ = {isa = PBXFileReference; lastKnownFileType = sourcecode.c.h; path = MiniRemotoDatabase.h; sourceTree = "<group>"; };
		02E8FCAD2476FAB8002B942D /* Info.plist */ = {isa = PBXFileReference; lastKnownFileType = text.plist.xml; path = Info.plist; sourceTree = "<group>"; };
		02E8FCBA2476FAEE002B942D /* DataController.swift */ = {isa = PBXFileReference; lastKnownFileType = sourcecode.swift; path = DataController.swift; sourceTree = "<group>"; };
		02ED9BA1247D9E9F00534FEE /* CalendarModule.storyboard */ = {isa = PBXFileReference; lastKnownFileType = file.storyboard; path = CalendarModule.storyboard; sourceTree = "<group>"; };
		02ED9BA3247DA15200534FEE /* Assets.xcassets */ = {isa = PBXFileReference; lastKnownFileType = folder.assetcatalog; path = Assets.xcassets; sourceTree = "<group>"; };
/* End PBXFileReference section */

/* Begin PBXFrameworksBuildPhase section */
		0274826E246F08680059876D /* Frameworks */ = {
			isa = PBXFrameworksBuildPhase;
			buildActionMask = 2147483647;
			files = (
				028A724A246F130F006F4B17 /* UberRides.framework in Frameworks */,
				02E8FCB12476FAB8002B942D /* MiniRemotoDatabase.framework in Frameworks */,
				028A7246246F130D006F4B17 /* UberCore.framework in Frameworks */,
			);
			runOnlyForDeploymentPostprocessing = 0;
		};
		02E8FCA72476FAB8002B942D /* Frameworks */ = {
			isa = PBXFrameworksBuildPhase;
			buildActionMask = 2147483647;
			files = (
				0217DAD4247834C7003B6286 /* EndpointsRequests in Frameworks */,
			);
			runOnlyForDeploymentPostprocessing = 0;
		};
/* End PBXFrameworksBuildPhase section */

/* Begin PBXGroup section */
		02046F9D247C4E4C00620FA9 /* Shared */ = {
			isa = PBXGroup;
			children = (
				02046F9E247C4E6000620FA9 /* StringExtension.swift */,
			);
			path = Shared;
			sourceTree = "<group>";
		};
		020690BB247DB261004C7150 /* Calendar Module */ = {
			isa = PBXGroup;
			children = (
				020690BC247DB273004C7150 /* CalendarModule.swift */,
			);
			path = "Calendar Module";
			sourceTree = "<group>";
		};
		02748268246F08680059876D = {
			isa = PBXGroup;
			children = (
				02046F9D247C4E4C00620FA9 /* Shared */,
				02748273246F08680059876D /* MiniRemoto */,
				02E8FCAB2476FAB8002B942D /* MiniRemotoDatabase */,
				02748272246F08680059876D /* Products */,
				028A7244246F130D006F4B17 /* Frameworks */,
			);
			sourceTree = "<group>";
		};
		02748272246F08680059876D /* Products */ = {
			isa = PBXGroup;
			children = (
				02748271246F08680059876D /* MiniRemoto.app */,
				02E8FCAA2476FAB8002B942D /* MiniRemotoDatabase.framework */,
			);
			name = Products;
			sourceTree = "<group>";
		};
		02748273246F08680059876D /* MiniRemoto */ = {
			isa = PBXGroup;
			children = (
				02748288246F09E50059876D /* Model */,
				02748289246F09EA0059876D /* View */,
				0274828A246F09EE0059876D /* Controller */,
				02748274246F08690059876D /* AppDelegate.swift */,
				02748276246F08690059876D /* SceneDelegate.swift */,
				0274827F246F086A0059876D /* LaunchScreen.storyboard */,
				0274827D246F086A0059876D /* Assets.xcassets */,
				02748282246F086A0059876D /* Info.plist */,
			);
			path = MiniRemoto;
			sourceTree = "<group>";
		};
		02748288246F09E50059876D /* Model */ = {
			isa = PBXGroup;
			children = (
				02B01ED32474701F0054587A /* Adding Event */,
				0292E61E24746EC6002B5362 /* Modules */,
				0292E60924745DC5002B5362 /* Font */,
			);
			path = Model;
			sourceTree = "<group>";
		};
		02748289246F09EA0059876D /* View */ = {
			isa = PBXGroup;
			children = (
				0292E60324745659002B5362 /* UIViews */,
				0292E6022474564D002B5362 /* Adding Event */,
				0274827A246F08690059876D /* Main.storyboard */,
			);
			path = View;
			sourceTree = "<group>";
		};
		0274828A246F09EE0059876D /* Controller */ = {
			isa = PBXGroup;
			children = (
				0292E6062474580A002B5362 /* Adding Event */,
			);
			path = Controller;
			sourceTree = "<group>";
		};
		028A7244246F130D006F4B17 /* Frameworks */ = {
			isa = PBXGroup;
			children = (
				028A7249246F130F006F4B17 /* UberRides.framework */,
				028A7245246F130D006F4B17 /* UberCore.framework */,
			);
			name = Frameworks;
			sourceTree = "<group>";
		};
		0292E6022474564D002B5362 /* Adding Event */ = {
			isa = PBXGroup;
			children = (
				02ED9BA3247DA15200534FEE /* Assets.xcassets */,
				02ED9BA0247D9E7C00534FEE /* Calendar Module */,
				0292E5FE24744DF1002B5362 /* AddEvent.storyboard */,
				0292E60424745682002B5362 /* ColorCollectionViewCell.swift */,
				0292E61224746230002B5362 /* ModuleCollectionViewCell.swift */,
				0292E61424746B20002B5362 /* ModuleTableViewCell.swift */,
			);
			path = "Adding Event";
			sourceTree = "<group>";
		};
		0292E60324745659002B5362 /* UIViews */ = {
			isa = PBXGroup;
			children = (
				0292E600247452C8002B5362 /* RoundView.swift */,
				0292E6072474597E002B5362 /* SlashedTextField.swift */,
			);
			path = UIViews;
			sourceTree = "<group>";
		};
		0292E6062474580A002B5362 /* Adding Event */ = {
			isa = PBXGroup;
			children = (
				020690BB247DB261004C7150 /* Calendar Module */,
				0260CE7B24748C7000E16149 /* AddEventViewController.swift */,
				0260CE7924748C6F00E16149 /* ModuleCollectionDelegate.swift */,
				0260CE7C24748C7000E16149 /* ModuleStateDelegate.swift */,
				0260CE7A24748C6F00E16149 /* ModuleTableDelegate.swift */,
			);
			path = "Adding Event";
			sourceTree = "<group>";
		};
		0292E60924745DC5002B5362 /* Font */ = {
			isa = PBXGroup;
			children = (
				0292E60D24745E6B002B5362 /* Montserrat-Medium.ttf */,
				0292E60E24745E88002B5362 /* Montserrat-Regular.ttf */,
				0292E60C24745E58002B5362 /* Montserrat-SemiBold.ttf */,
			);
			path = Font;
			sourceTree = "<group>";
		};
		0292E61E24746EC6002B5362 /* Modules */ = {
			isa = PBXGroup;
			children = (
				0292E61C24746E3B002B5362 /* Module.swift */,
				02046F99247C4C0600620FA9 /* Modules.xcassets */,
				0260CE7724748B9100E16149 /* CalendarData.swift */,
				02046FA3247C4FC800620FA9 /* LocationData.swift */,
				02046FA1247C4F8200620FA9 /* InviteData.swift */,
				02046FA5247C500F00620FA9 /* ListData.swift */,
			);
			name = Modules;
			path = Entities/Modules;
			sourceTree = "<group>";
		};
		02B01ED32474701F0054587A /* Adding Event */ = {
			isa = PBXGroup;
			children = (
				02B01ED4247470310054587A /* ModuleCollectionDataSource.swift */,
				02B01ED6247470800054587A /* ModuleTableDataSource.swift */,
			);
			path = "Adding Event";
			sourceTree = "<group>";
		};
		02E8FCAB2476FAB8002B942D /* MiniRemotoDatabase */ = {
			isa = PBXGroup;
			children = (
				02E8FCBA2476FAEE002B942D /* DataController.swift */,
				02E8FCB62476FACE002B942D /* Entities */,
				02E8FCAC2476FAB8002B942D /* MiniRemotoDatabase.h */,
				02E8FCAD2476FAB8002B942D /* Info.plist */,
			);
			path = MiniRemotoDatabase;
			sourceTree = "<group>";
		};
		02E8FCB62476FACE002B942D /* Entities */ = {
			isa = PBXGroup;
			children = (
				0217DAD524783EF7003B6286 /* User.swift */,
				0217DAD7247845BF003B6286 /* Event.swift */,
				0217DAD924784607003B6286 /* Location.swift */,
				0217DADB24784C11003B6286 /* Item.swift */,
			);
			path = Entities;
			sourceTree = "<group>";
		};
		02ED9BA0247D9E7C00534FEE /* Calendar Module */ = {
			isa = PBXGroup;
			children = (
				02ED9BA1247D9E9F00534FEE /* CalendarModule.storyboard */,
				020690BE247DB2CE004C7150 /* CalendarModuleHourView.swift */,
			);
			path = "Calendar Module";
			sourceTree = "<group>";
		};
/* End PBXGroup section */

/* Begin PBXHeadersBuildPhase section */
		02E8FCA52476FAB8002B942D /* Headers */ = {
			isa = PBXHeadersBuildPhase;
			buildActionMask = 2147483647;
			files = (
				02E8FCAE2476FAB8002B942D /* MiniRemotoDatabase.h in Headers */,
			);
			runOnlyForDeploymentPostprocessing = 0;
		};
/* End PBXHeadersBuildPhase section */

/* Begin PBXNativeTarget section */
		02748270246F08680059876D /* MiniRemoto */ = {
			isa = PBXNativeTarget;
			buildConfigurationList = 02748285246F086A0059876D /* Build configuration list for PBXNativeTarget "MiniRemoto" */;
			buildPhases = (
				0274826D246F08680059876D /* Sources */,
				0274826E246F08680059876D /* Frameworks */,
				0274826F246F08680059876D /* Resources */,
				028A7248246F130D006F4B17 /* Embed Frameworks */,
				028A724D246F135B006F4B17 /* Run Script */,
			);
			buildRules = (
			);
			dependencies = (
				02E8FCB02476FAB8002B942D /* PBXTargetDependency */,
			);
			name = MiniRemoto;
			productName = MiniRemoto;
			productReference = 02748271246F08680059876D /* MiniRemoto.app */;
			productType = "com.apple.product-type.application";
		};
		02E8FCA92476FAB8002B942D /* MiniRemotoDatabase */ = {
			isa = PBXNativeTarget;
			buildConfigurationList = 02E8FCB32476FAB8002B942D /* Build configuration list for PBXNativeTarget "MiniRemotoDatabase" */;
			buildPhases = (
				02E8FCA52476FAB8002B942D /* Headers */,
				02E8FCA62476FAB8002B942D /* Sources */,
				02E8FCA72476FAB8002B942D /* Frameworks */,
				02E8FCA82476FAB8002B942D /* Resources */,
			);
			buildRules = (
			);
			dependencies = (
			);
			name = MiniRemotoDatabase;
			packageProductDependencies = (
				0217DAD3247834C7003B6286 /* EndpointsRequests */,
			);
			productName = MiniRemotoDatabase;
			productReference = 02E8FCAA2476FAB8002B942D /* MiniRemotoDatabase.framework */;
			productType = "com.apple.product-type.framework";
		};
/* End PBXNativeTarget section */

/* Begin PBXProject section */
		02748269246F08680059876D /* Project object */ = {
			isa = PBXProject;
			attributes = {
				LastSwiftUpdateCheck = 1140;
				LastUpgradeCheck = 1140;
				ORGANIZATIONNAME = "Pedro Giuliano Farina";
				TargetAttributes = {
					02748270246F08680059876D = {
						CreatedOnToolsVersion = 11.4.1;
					};
					02E8FCA92476FAB8002B942D = {
						CreatedOnToolsVersion = 11.5;
						LastSwiftMigration = 1150;
					};
				};
			};
			buildConfigurationList = 0274826C246F08680059876D /* Build configuration list for PBXProject "MiniRemoto" */;
			compatibilityVersion = "Xcode 9.3";
			developmentRegion = en;
			hasScannedForEncodings = 0;
			knownRegions = (
				en,
				Base,
			);
			mainGroup = 02748268246F08680059876D;
			packageReferences = (
				0217DAD2247834C7003B6286 /* XCRemoteSwiftPackageReference "Endpoints-Requests" */,
			);
			productRefGroup = 02748272246F08680059876D /* Products */;
			projectDirPath = "";
			projectRoot = "";
			targets = (
				02748270246F08680059876D /* MiniRemoto */,
				02E8FCA92476FAB8002B942D /* MiniRemotoDatabase */,
			);
		};
/* End PBXProject section */

/* Begin PBXResourcesBuildPhase section */
		0274826F246F08680059876D /* Resources */ = {
			isa = PBXResourcesBuildPhase;
			buildActionMask = 2147483647;
			files = (
				02ED9BA4247DA15200534FEE /* Assets.xcassets in Resources */,
				0292E61024745EC3002B5362 /* Montserrat-Regular.ttf in Resources */,
				02748281246F086A0059876D /* LaunchScreen.storyboard in Resources */,
				02ED9BA2247D9E9F00534FEE /* CalendarModule.storyboard in Resources */,
				0292E60F24745EC3002B5362 /* Montserrat-Medium.ttf in Resources */,
				0292E61124745EC3002B5362 /* Montserrat-SemiBold.ttf in Resources */,
				0292E5FF24744DF1002B5362 /* AddEvent.storyboard in Resources */,
				02046F9A247C4C0600620FA9 /* Modules.xcassets in Resources */,
				0274827E246F086A0059876D /* Assets.xcassets in Resources */,
				0274827C246F08690059876D /* Main.storyboard in Resources */,
			);
			runOnlyForDeploymentPostprocessing = 0;
		};
		02E8FCA82476FAB8002B942D /* Resources */ = {
			isa = PBXResourcesBuildPhase;
			buildActionMask = 2147483647;
			files = (
			);
			runOnlyForDeploymentPostprocessing = 0;
		};
/* End PBXResourcesBuildPhase section */

/* Begin PBXShellScriptBuildPhase section */
		028A724D246F135B006F4B17 /* Run Script */ = {
			isa = PBXShellScriptBuildPhase;
			buildActionMask = 12;
			files = (
			);
			inputFileListPaths = (
				"$(SRCROOT)/Carthage/Build/iOS/UberRides.framework",
			);
			inputPaths = (
			);
			name = "Run Script";
			outputFileListPaths = (
			);
			outputPaths = (
			);
			runOnlyForDeploymentPostprocessing = 0;
			shellPath = /bin/sh;
			shellScript = "/usr/local/bin/carthage copy-frameworks\n";
		};
/* End PBXShellScriptBuildPhase section */

/* Begin PBXSourcesBuildPhase section */
		0274826D246F08680059876D /* Sources */ = {
			isa = PBXSourcesBuildPhase;
			buildActionMask = 2147483647;
			files = (
				02046FA4247C4FC800620FA9 /* LocationData.swift in Sources */,
				0260CE7824748B9100E16149 /* CalendarData.swift in Sources */,
				02B01ED7247470800054587A /* ModuleTableDataSource.swift in Sources */,
				0260CE7D24748C7000E16149 /* ModuleCollectionDelegate.swift in Sources */,
				02046FA2247C4F8200620FA9 /* InviteData.swift in Sources */,
				0292E6082474597E002B5362 /* SlashedTextField.swift in Sources */,
				02046F9F247C4E6000620FA9 /* StringExtension.swift in Sources */,
				020690BD247DB273004C7150 /* CalendarModule.swift in Sources */,
				0292E60524745682002B5362 /* ColorCollectionViewCell.swift in Sources */,
				020690BF247DB2CE004C7150 /* CalendarModuleHourView.swift in Sources */,
				0292E61324746230002B5362 /* ModuleCollectionViewCell.swift in Sources */,
				0292E601247452C8002B5362 /* RoundView.swift in Sources */,
				02748275246F08690059876D /* AppDelegate.swift in Sources */,
				0292E61D24746E3B002B5362 /* Module.swift in Sources */,
				0260CE7E24748C7000E16149 /* ModuleTableDelegate.swift in Sources */,
				0260CE8024748C7000E16149 /* ModuleStateDelegate.swift in Sources */,
				0292E61524746B20002B5362 /* ModuleTableViewCell.swift in Sources */,
				0260CE7F24748C7000E16149 /* AddEventViewController.swift in Sources */,
				02748277246F08690059876D /* SceneDelegate.swift in Sources */,
				02B01ED5247470310054587A /* ModuleCollectionDataSource.swift in Sources */,
				02046FA6247C500F00620FA9 /* ListData.swift in Sources */,
			);
			runOnlyForDeploymentPostprocessing = 0;
		};
		02E8FCA62476FAB8002B942D /* Sources */ = {
			isa = PBXSourcesBuildPhase;
			buildActionMask = 2147483647;
			files = (
				0217DADC24784C11003B6286 /* Item.swift in Sources */,
				0217DAD624783EF7003B6286 /* User.swift in Sources */,
				02046FA0247C4F2700620FA9 /* StringExtension.swift in Sources */,
				0217DAD8247845BF003B6286 /* Event.swift in Sources */,
				0217DADA24784607003B6286 /* Location.swift in Sources */,
				02E8FCBB2476FAEE002B942D /* DataController.swift in Sources */,
			);
			runOnlyForDeploymentPostprocessing = 0;
		};
/* End PBXSourcesBuildPhase section */

/* Begin PBXTargetDependency section */
		02E8FCB02476FAB8002B942D /* PBXTargetDependency */ = {
			isa = PBXTargetDependency;
			target = 02E8FCA92476FAB8002B942D /* MiniRemotoDatabase */;
			targetProxy = 02E8FCAF2476FAB8002B942D /* PBXContainerItemProxy */;
		};
/* End PBXTargetDependency section */

/* Begin PBXVariantGroup section */
		0274827A246F08690059876D /* Main.storyboard */ = {
			isa = PBXVariantGroup;
			children = (
				0274827B246F08690059876D /* Base */,
			);
			name = Main.storyboard;
			sourceTree = "<group>";
		};
		0274827F246F086A0059876D /* LaunchScreen.storyboard */ = {
			isa = PBXVariantGroup;
			children = (
				02748280246F086A0059876D /* Base */,
			);
			name = LaunchScreen.storyboard;
			sourceTree = "<group>";
		};
/* End PBXVariantGroup section */

/* Begin XCBuildConfiguration section */
		02748283246F086A0059876D /* Debug */ = {
			isa = XCBuildConfiguration;
			buildSettings = {
				ALWAYS_SEARCH_USER_PATHS = NO;
				CLANG_ANALYZER_NONNULL = YES;
				CLANG_ANALYZER_NUMBER_OBJECT_CONVERSION = YES_AGGRESSIVE;
				CLANG_CXX_LANGUAGE_STANDARD = "gnu++14";
				CLANG_CXX_LIBRARY = "libc++";
				CLANG_ENABLE_MODULES = YES;
				CLANG_ENABLE_OBJC_ARC = YES;
				CLANG_ENABLE_OBJC_WEAK = YES;
				CLANG_WARN_BLOCK_CAPTURE_AUTORELEASING = YES;
				CLANG_WARN_BOOL_CONVERSION = YES;
				CLANG_WARN_COMMA = YES;
				CLANG_WARN_CONSTANT_CONVERSION = YES;
				CLANG_WARN_DEPRECATED_OBJC_IMPLEMENTATIONS = YES;
				CLANG_WARN_DIRECT_OBJC_ISA_USAGE = YES_ERROR;
				CLANG_WARN_DOCUMENTATION_COMMENTS = YES;
				CLANG_WARN_EMPTY_BODY = YES;
				CLANG_WARN_ENUM_CONVERSION = YES;
				CLANG_WARN_INFINITE_RECURSION = YES;
				CLANG_WARN_INT_CONVERSION = YES;
				CLANG_WARN_NON_LITERAL_NULL_CONVERSION = YES;
				CLANG_WARN_OBJC_IMPLICIT_RETAIN_SELF = YES;
				CLANG_WARN_OBJC_LITERAL_CONVERSION = YES;
				CLANG_WARN_OBJC_ROOT_CLASS = YES_ERROR;
				CLANG_WARN_RANGE_LOOP_ANALYSIS = YES;
				CLANG_WARN_STRICT_PROTOTYPES = YES;
				CLANG_WARN_SUSPICIOUS_MOVE = YES;
				CLANG_WARN_UNGUARDED_AVAILABILITY = YES_AGGRESSIVE;
				CLANG_WARN_UNREACHABLE_CODE = YES;
				CLANG_WARN__DUPLICATE_METHOD_MATCH = YES;
				COPY_PHASE_STRIP = NO;
				DEBUG_INFORMATION_FORMAT = dwarf;
				ENABLE_STRICT_OBJC_MSGSEND = YES;
				ENABLE_TESTABILITY = YES;
				GCC_C_LANGUAGE_STANDARD = gnu11;
				GCC_DYNAMIC_NO_PIC = NO;
				GCC_NO_COMMON_BLOCKS = YES;
				GCC_OPTIMIZATION_LEVEL = 0;
				GCC_PREPROCESSOR_DEFINITIONS = (
					"DEBUG=1",
					"$(inherited)",
				);
				GCC_WARN_64_TO_32_BIT_CONVERSION = YES;
				GCC_WARN_ABOUT_RETURN_TYPE = YES_ERROR;
				GCC_WARN_UNDECLARED_SELECTOR = YES;
				GCC_WARN_UNINITIALIZED_AUTOS = YES_AGGRESSIVE;
				GCC_WARN_UNUSED_FUNCTION = YES;
				GCC_WARN_UNUSED_VARIABLE = YES;
				IPHONEOS_DEPLOYMENT_TARGET = 13.4;
				MTL_ENABLE_DEBUG_INFO = INCLUDE_SOURCE;
				MTL_FAST_MATH = YES;
				ONLY_ACTIVE_ARCH = YES;
				SDKROOT = iphoneos;
				SWIFT_ACTIVE_COMPILATION_CONDITIONS = DEBUG;
				SWIFT_OPTIMIZATION_LEVEL = "-Onone";
			};
			name = Debug;
		};
		02748284246F086A0059876D /* Release */ = {
			isa = XCBuildConfiguration;
			buildSettings = {
				ALWAYS_SEARCH_USER_PATHS = NO;
				CLANG_ANALYZER_NONNULL = YES;
				CLANG_ANALYZER_NUMBER_OBJECT_CONVERSION = YES_AGGRESSIVE;
				CLANG_CXX_LANGUAGE_STANDARD = "gnu++14";
				CLANG_CXX_LIBRARY = "libc++";
				CLANG_ENABLE_MODULES = YES;
				CLANG_ENABLE_OBJC_ARC = YES;
				CLANG_ENABLE_OBJC_WEAK = YES;
				CLANG_WARN_BLOCK_CAPTURE_AUTORELEASING = YES;
				CLANG_WARN_BOOL_CONVERSION = YES;
				CLANG_WARN_COMMA = YES;
				CLANG_WARN_CONSTANT_CONVERSION = YES;
				CLANG_WARN_DEPRECATED_OBJC_IMPLEMENTATIONS = YES;
				CLANG_WARN_DIRECT_OBJC_ISA_USAGE = YES_ERROR;
				CLANG_WARN_DOCUMENTATION_COMMENTS = YES;
				CLANG_WARN_EMPTY_BODY = YES;
				CLANG_WARN_ENUM_CONVERSION = YES;
				CLANG_WARN_INFINITE_RECURSION = YES;
				CLANG_WARN_INT_CONVERSION = YES;
				CLANG_WARN_NON_LITERAL_NULL_CONVERSION = YES;
				CLANG_WARN_OBJC_IMPLICIT_RETAIN_SELF = YES;
				CLANG_WARN_OBJC_LITERAL_CONVERSION = YES;
				CLANG_WARN_OBJC_ROOT_CLASS = YES_ERROR;
				CLANG_WARN_RANGE_LOOP_ANALYSIS = YES;
				CLANG_WARN_STRICT_PROTOTYPES = YES;
				CLANG_WARN_SUSPICIOUS_MOVE = YES;
				CLANG_WARN_UNGUARDED_AVAILABILITY = YES_AGGRESSIVE;
				CLANG_WARN_UNREACHABLE_CODE = YES;
				CLANG_WARN__DUPLICATE_METHOD_MATCH = YES;
				COPY_PHASE_STRIP = NO;
				DEBUG_INFORMATION_FORMAT = "dwarf-with-dsym";
				ENABLE_NS_ASSERTIONS = NO;
				ENABLE_STRICT_OBJC_MSGSEND = YES;
				GCC_C_LANGUAGE_STANDARD = gnu11;
				GCC_NO_COMMON_BLOCKS = YES;
				GCC_WARN_64_TO_32_BIT_CONVERSION = YES;
				GCC_WARN_ABOUT_RETURN_TYPE = YES_ERROR;
				GCC_WARN_UNDECLARED_SELECTOR = YES;
				GCC_WARN_UNINITIALIZED_AUTOS = YES_AGGRESSIVE;
				GCC_WARN_UNUSED_FUNCTION = YES;
				GCC_WARN_UNUSED_VARIABLE = YES;
				IPHONEOS_DEPLOYMENT_TARGET = 13.4;
				MTL_ENABLE_DEBUG_INFO = NO;
				MTL_FAST_MATH = YES;
				SDKROOT = iphoneos;
				SWIFT_COMPILATION_MODE = wholemodule;
				SWIFT_OPTIMIZATION_LEVEL = "-O";
				VALIDATE_PRODUCT = YES;
			};
			name = Release;
		};
		02748286246F086A0059876D /* Debug */ = {
			isa = XCBuildConfiguration;
			buildSettings = {
				ALWAYS_EMBED_SWIFT_STANDARD_LIBRARIES = YES;
				ASSETCATALOG_COMPILER_APPICON_NAME = AppIcon;
				CODE_SIGN_STYLE = Automatic;
				DEVELOPMENT_TEAM = BVZY57RJZG;
				FRAMEWORK_SEARCH_PATHS = (
					"$(inherited)",
					"$(PROJECT_DIR)/Carthage/Build/iOS",
				);
				INFOPLIST_FILE = MiniRemoto/Info.plist;
				LD_RUNPATH_SEARCH_PATHS = (
					"$(inherited)",
					"@executable_path/Frameworks",
				);
				PRODUCT_BUNDLE_IDENTIFIER = PGF.MiniRemoto;
				PRODUCT_NAME = "$(TARGET_NAME)";
				SWIFT_VERSION = 5.0;
				TARGETED_DEVICE_FAMILY = "1,2";
			};
			name = Debug;
		};
		02748287246F086A0059876D /* Release */ = {
			isa = XCBuildConfiguration;
			buildSettings = {
				ALWAYS_EMBED_SWIFT_STANDARD_LIBRARIES = YES;
				ASSETCATALOG_COMPILER_APPICON_NAME = AppIcon;
				CODE_SIGN_STYLE = Automatic;
				DEVELOPMENT_TEAM = BVZY57RJZG;
				FRAMEWORK_SEARCH_PATHS = (
					"$(inherited)",
					"$(PROJECT_DIR)/Carthage/Build/iOS",
				);
				INFOPLIST_FILE = MiniRemoto/Info.plist;
				LD_RUNPATH_SEARCH_PATHS = (
					"$(inherited)",
					"@executable_path/Frameworks",
				);
				PRODUCT_BUNDLE_IDENTIFIER = PGF.MiniRemoto;
				PRODUCT_NAME = "$(TARGET_NAME)";
				SWIFT_VERSION = 5.0;
				TARGETED_DEVICE_FAMILY = "1,2";
			};
			name = Release;
		};
		02E8FCB42476FAB8002B942D /* Debug */ = {
			isa = XCBuildConfiguration;
			buildSettings = {
				CLANG_ENABLE_MODULES = YES;
				CODE_SIGN_STYLE = Automatic;
				CURRENT_PROJECT_VERSION = 1;
				DEFINES_MODULE = YES;
				DEVELOPMENT_TEAM = BVZY57RJZG;
				DYLIB_COMPATIBILITY_VERSION = 1;
				DYLIB_CURRENT_VERSION = 1;
				DYLIB_INSTALL_NAME_BASE = "@rpath";
				INFOPLIST_FILE = MiniRemotoDatabase/Info.plist;
				INSTALL_PATH = "$(LOCAL_LIBRARY_DIR)/Frameworks";
				IPHONEOS_DEPLOYMENT_TARGET = 13.5;
				LD_RUNPATH_SEARCH_PATHS = (
					"$(inherited)",
					"@executable_path/Frameworks",
					"@loader_path/Frameworks",
				);
				PRODUCT_BUNDLE_IDENTIFIER = PGF.MiniRemotoDatabase;
				PRODUCT_NAME = "$(TARGET_NAME:c99extidentifier)";
				SKIP_INSTALL = YES;
				SWIFT_OPTIMIZATION_LEVEL = "-Onone";
				SWIFT_VERSION = 5.0;
				TARGETED_DEVICE_FAMILY = "1,2";
				VERSIONING_SYSTEM = "apple-generic";
				VERSION_INFO_PREFIX = "";
			};
			name = Debug;
		};
		02E8FCB52476FAB8002B942D /* Release */ = {
			isa = XCBuildConfiguration;
			buildSettings = {
				CLANG_ENABLE_MODULES = YES;
				CODE_SIGN_STYLE = Automatic;
				CURRENT_PROJECT_VERSION = 1;
				DEFINES_MODULE = YES;
				DEVELOPMENT_TEAM = BVZY57RJZG;
				DYLIB_COMPATIBILITY_VERSION = 1;
				DYLIB_CURRENT_VERSION = 1;
				DYLIB_INSTALL_NAME_BASE = "@rpath";
				INFOPLIST_FILE = MiniRemotoDatabase/Info.plist;
				INSTALL_PATH = "$(LOCAL_LIBRARY_DIR)/Frameworks";
				IPHONEOS_DEPLOYMENT_TARGET = 13.5;
				LD_RUNPATH_SEARCH_PATHS = (
					"$(inherited)",
					"@executable_path/Frameworks",
					"@loader_path/Frameworks",
				);
				PRODUCT_BUNDLE_IDENTIFIER = PGF.MiniRemotoDatabase;
				PRODUCT_NAME = "$(TARGET_NAME:c99extidentifier)";
				SKIP_INSTALL = YES;
				SWIFT_VERSION = 5.0;
				TARGETED_DEVICE_FAMILY = "1,2";
				VERSIONING_SYSTEM = "apple-generic";
				VERSION_INFO_PREFIX = "";
			};
			name = Release;
		};
/* End XCBuildConfiguration section */

/* Begin XCConfigurationList section */
		0274826C246F08680059876D /* Build configuration list for PBXProject "MiniRemoto" */ = {
			isa = XCConfigurationList;
			buildConfigurations = (
				02748283246F086A0059876D /* Debug */,
				02748284246F086A0059876D /* Release */,
			);
			defaultConfigurationIsVisible = 0;
			defaultConfigurationName = Release;
		};
		02748285246F086A0059876D /* Build configuration list for PBXNativeTarget "MiniRemoto" */ = {
			isa = XCConfigurationList;
			buildConfigurations = (
				02748286246F086A0059876D /* Debug */,
				02748287246F086A0059876D /* Release */,
			);
			defaultConfigurationIsVisible = 0;
			defaultConfigurationName = Release;
		};
		02E8FCB32476FAB8002B942D /* Build configuration list for PBXNativeTarget "MiniRemotoDatabase" */ = {
			isa = XCConfigurationList;
			buildConfigurations = (
				02E8FCB42476FAB8002B942D /* Debug */,
				02E8FCB52476FAB8002B942D /* Release */,
			);
			defaultConfigurationIsVisible = 0;
			defaultConfigurationName = Release;
		};
/* End XCConfigurationList section */

/* Begin XCRemoteSwiftPackageReference section */
		0217DAD2247834C7003B6286 /* XCRemoteSwiftPackageReference "Endpoints-Requests" */ = {
			isa = XCRemoteSwiftPackageReference;
			repositoryURL = "https://github.com/PedroFarina/Endpoints-Requests.git";
			requirement = {
				kind = upToNextMajorVersion;
				minimumVersion = 1.1.21;
			};
		};
/* End XCRemoteSwiftPackageReference section */

/* Begin XCSwiftPackageProductDependency section */
		0217DAD3247834C7003B6286 /* EndpointsRequests */ = {
			isa = XCSwiftPackageProductDependency;
			package = 0217DAD2247834C7003B6286 /* XCRemoteSwiftPackageReference "Endpoints-Requests" */;
			productName = EndpointsRequests;
		};
/* End XCSwiftPackageProductDependency section */
	};
	rootObject = 02748269246F08680059876D /* Project object */;
}
