{
  "object": {
    "pins": [
      {
        "package": "EndpointsRequests",
        "repositoryURL": "https://github.com/PedroFarina/Endpoints-Requests.git",
        "state": {
          "branch": null,
          "revision": "918c8c624707fe6c94bde7f9d5ae11ab9bfaf7bf",
          "version": "1.1.21"
        }
      }
    ]
  },
  "version": 1
}
